
Microsoft Visual Studio Solution File, Format Version 12.00
# Visual Studio 14
VisualStudioVersion = 14.0.25123.0
MinimumVisualStudioVersion = 10.0.40219.1
Project("{CF28E5EC-85A2-4387-9BF3-D34101310A5B}") = "Sitecore.Support.66989", "Sitecore.Support.66989\Sitecore.Support.66989.csproj", "{F773FAE6-4583-47B4-A3DD-2412ED354036}"
EndProject
Global
	GlobalSection(SolutionConfigurationPlatforms) = preSolution
		Debug|Any CPU = Debug|Any CPU
		Release|Any CPU = Release|Any CPU
	EndGlobalSection
	GlobalSection(ProjectConfigurationPlatforms) = postSolution
		{F773FAE6-4583-47B4-A3DD-2412ED354036}.Debug|Any CPU.ActiveCfg = Debug|Any CPU
		{F773FAE6-4583-47B4-A3DD-2412ED354036}.Debug|Any CPU.Build.0 = Debug|Any CPU
		{F773FAE6-4583-47B4-A3DD-2412ED354036}.Release|Any CPU.ActiveCfg = Release|Any CPU
		{F773FAE6-4583-47B4-A3DD-2412ED354036}.Release|Any CPU.Build.0 = Release|Any CPU
	EndGlobalSection
	GlobalSection(SolutionProperties) = preSolution
		HideSolutionNode = FALSE
	EndGlobalSection
EndGlobal
